<?xml version="1.0" encoding="utf-8"?>
<Project ToolsVersion="4.0" xmlns="http://schemas.microsoft.com/developer/msbuild/2003">
  <ItemGroup>
    <Filter Include="源文件">
      <UniqueIdentifier>{4FC737F1-C7A5-4376-A066-2A32D752A2FF}</UniqueIdentifier>
      <Extensions>cpp;c;cc;cxx;def;odl;idl;hpj;bat;asm;asmx</Extensions>
    </Filter>
    <Filter Include="头文件">
      <UniqueIdentifier>{93995380-89BD-4b04-88EB-625FBE52EBFB}</UniqueIdentifier>
      <Extensions>h;hpp;hxx;hm;inl;inc;xsd</Extensions>
    </Filter>
    <Filter Include="资源文件">
      <UniqueIdentifier>{67DA6AB6-F800-4c08-8B7A-83BB121AAD01}</UniqueIdentifier>
      <Extensions>rc;ico;cur;bmp;dlg;rc2;rct;bin;rgs;gif;jpg;jpeg;jpe;resx;tiff;tif;png;wav;mfcribbon-ms</Extensions>
    </Filter>
    <Filter Include="源文件\oracle">
      <UniqueIdentifier>{0fa269dc-0872-4ee8-904a-44f7725fed99}</UniqueIdentifier>
    </Filter>
    <Filter Include="头文件\oracle">
      <UniqueIdentifier>{10038b61-f99f-47ef-ba86-4c26d5d47200}</UniqueIdentifier>
    </Filter>
    <Filter Include="头文件\sqlserver">
      <UniqueIdentifier>{26b1f436-550b-4842-a6d7-6ada8029166d}</UniqueIdentifier>
    </Filter>
    <Filter Include="源文件\sqlserver">
      <UniqueIdentifier>{97f7f4a1-01a8-44e7-b1a0-b6a209d9a983}</UniqueIdentifier>
    </Filter>
  </ItemGroup>
  <ItemGroup>
    <ClInclude Include="include\occiwrapper\AbstractBinder.h">
      <Filter>头文件\oracle</Filter>
    </ClInclude>
    <ClInclude Include="include\occiwrapper\AbstractBinding.h">
      <Filter>头文件\oracle</Filter>
    </ClInclude>
    <ClInclude Include="include\occiwrapper\AbstractExtraction.h">
      <Filter>头文件\oracle</Filter>
    </ClInclude>
    <ClInclude Include="include\occiwrapper\AbstractExtractor.h">
      <Filter>头文件\oracle</Filter>
    </ClInclude>
    <ClInclude Include="include\OcciWrapper\BinaryReader.h">
      <Filter>头文件\oracle</Filter>
    </ClInclude>
    <ClInclude Include="include\OcciWrapper\BinaryWriter.h">
      <Filter>头文件\oracle</Filter>
    </ClInclude>
    <ClInclude Include="include\occiwrapper\Binder.h">
      <Filter>头文件\oracle</Filter>
    </ClInclude>
    <ClInclude Include="include\occiwrapper\Binding.h">
      <Filter>头文件\oracle</Filter>
    </ClInclude>
    <ClInclude Include="include\OcciWrapper\BlobStream.h">
      <Filter>头文件\oracle</Filter>
    </ClInclude>
    <ClInclude Include="include\OcciWrapper\ByteOrder.h">
      <Filter>头文件\oracle</Filter>
    </ClInclude>
    <ClInclude Include="include\occiwrapper\Common.h">
      <Filter>头文件\oracle</Filter>
    </ClInclude>
    <ClInclude Include="include\occiwrapper\Connection.h">
      <Filter>头文件\oracle</Filter>
    </ClInclude>
    <ClInclude Include="include\occiwrapper\ConnectionInfo.h">
      <Filter>头文件\oracle</Filter>
    </ClInclude>
    <ClInclude Include="include\occiwrapper\ConnectionPool.h">
      <Filter>头文件\oracle</Filter>
    </ClInclude>
    <ClInclude Include="include\occiwrapper\Environment.h">
      <Filter>头文件\oracle</Filter>
    </ClInclude>
    <ClInclude Include="include\occiwrapper\Exception.h">
      <Filter>头文件\oracle</Filter>
    </ClInclude>
    <ClInclude Include="include\occiwrapper\Extraction.h">
      <Filter>头文件\oracle</Filter>
    </ClInclude>
    <ClInclude Include="include\occiwrapper\Extractor.h">
      <Filter>头文件\oracle</Filter>
    </ClInclude>
    <ClInclude Include="include\occiwrapper\Limit.h">
      <Filter>头文件\oracle</Filter>
    </ClInclude>
    <ClInclude Include="include\OcciWrapper\Lob.h">
      <Filter>头文件\oracle</Filter>
    </ClInclude>
    <ClInclude Include="include\OcciWrapper\LobBase.h">
      <Filter>头文件\oracle</Filter>
    </ClInclude>
    <ClInclude Include="include\occiwrapper\OcciWrapper.h">
      <Filter>头文件\oracle</Filter>
    </ClInclude>
    <ClInclude Include="OrcalInterFaceImpl.h">
      <Filter>头文件\oracle</Filter>
    </ClInclude>
    <ClInclude Include="include\occiwrapper\Session.h">
      <Filter>头文件\oracle</Filter>
    </ClInclude>
    <ClInclude Include="include\occiwrapper\SessionFactory.h">
      <Filter>头文件\oracle</Filter>
    </ClInclude>
    <ClInclude Include="include\occiwrapper\Statement.h">
      <Filter>头文件\oracle</Filter>
    </ClInclude>
    <ClInclude Include="include\occiwrapper\StatementImpl.h">
      <Filter>头文件\oracle</Filter>
    </ClInclude>
    <ClInclude Include="include\occiwrapper\Type.h">
      <Filter>头文件\oracle</Filter>
    </ClInclude>
    <ClInclude Include="include\occiwrapper\TypeHandler.h">
      <Filter>头文件\oracle</Filter>
    </ClInclude>
    <ClInclude Include="SQLServerInterFaceImpl.h">
      <Filter>头文件\sqlserver</Filter>
    </ClInclude>
    <ClInclude Include="..\include\DBInterFace.h">
      <Filter>头文件</Filter>
    </ClInclude>
  </ItemGroup>
  <ItemGroup>
    <ClCompile Include="StatementImpl.cpp">
      <Filter>源文件\oracle</Filter>
    </ClCompile>
    <ClCompile Include="AbstractBinder.cpp">
      <Filter>源文件\oracle</Filter>
    </ClCompile>
    <ClCompile Include="AbstractBinding.cpp">
      <Filter>源文件\oracle</Filter>
    </ClCompile>
    <ClCompile Include="AbstractExtraction.cpp">
      <Filter>源文件\oracle</Filter>
    </ClCompile>
    <ClCompile Include="BinaryReader.cpp">
      <Filter>源文件\oracle</Filter>
    </ClCompile>
    <ClCompile Include="BinaryWriter.cpp">
      <Filter>源文件\oracle</Filter>
    </ClCompile>
    <ClCompile Include="Binder.cpp">
      <Filter>源文件\oracle</Filter>
    </ClCompile>
    <ClCompile Include="BlobStream.cpp">
      <Filter>源文件\oracle</Filter>
    </ClCompile>
    <ClCompile Include="Common.cpp">
      <Filter>源文件\oracle</Filter>
    </ClCompile>
    <ClCompile Include="Connection.cpp">
      <Filter>源文件\oracle</Filter>
    </ClCompile>
    <ClCompile Include="ConnectionInfo.cpp">
      <Filter>源文件\oracle</Filter>
    </ClCompile>
    <ClCompile Include="ConnectionPool.cpp">
      <Filter>源文件\oracle</Filter>
    </ClCompile>
    <ClCompile Include="Environment.cpp">
      <Filter>源文件\oracle</Filter>
    </ClCompile>
    <ClCompile Include="Extractor.cpp">
      <Filter>源文件\oracle</Filter>
    </ClCompile>
    <ClCompile Include="Limit.cpp">
      <Filter>源文件\oracle</Filter>
    </ClCompile>
    <ClCompile Include="Lob.cpp">
      <Filter>源文件\oracle</Filter>
    </ClCompile>
    <ClCompile Include="LobBase.cpp">
      <Filter>源文件\oracle</Filter>
    </ClCompile>
    <ClCompile Include="OrcalInterFaceImpl.cpp">
      <Filter>源文件\oracle</Filter>
    </ClCompile>
    <ClCompile Include="Session.cpp">
      <Filter>源文件\oracle</Filter>
    </ClCompile>
    <ClCompile Include="Statement.cpp">
      <Filter>源文件\oracle</Filter>
    </ClCompile>
    <ClCompile Include="DBInterFace.cpp">
      <Filter>源文件</Filter>
    </ClCompile>
    <ClCompile Include="SQLServerInterFaceImpl.cpp">
      <Filter>源文件\sqlserver</Filter>
    </ClCompile>
    <ClCompile Include="SessionFactory.cpp">
      <Filter>源文件\oracle</Filter>
    </ClCompile>
  </ItemGroup>
  <ItemGroup>
    <None Include="AUTHORS">
      <Filter>资源文件</Filter>
    </None>
    <None Include="ChangeLog">
      <Filter>资源文件</Filter>
    </None>
  </ItemGroup>
</Project>